
Microsoft Visual Studio Solution File, Format Version 11.00
# Visual Studio 2010
Project("{8BC9CEB8-8B4A-11D0-8D11-00A0C91BC942}") = "GraphProjet", "GraphProjet\GraphProjet.vcxproj", "{245F4707-B4FF-40D5-BA31-0A840BA15D24}"
EndProject
Global
	GlobalSection(SolutionConfigurationPlatforms) = preSolution
		Debug|Win32 = Debug|Win32
		Release|Win32 = Release|Win32
	EndGlobalSection
	GlobalSection(ProjectConfigurationPlatforms) = postSolution
		{245F4707-B4FF-40D5-BA31-0A840BA15D24}.Debug|Win32.ActiveCfg = Debug|Win32
		{245F4707-B4FF-40D5-BA31-0A840BA15D24}.Debug|Win32.Build.0 = Debug|Win32
		{245F4707-B4FF-40D5-BA31-0A840BA15D24}.Release|Win32.ActiveCfg = Release|Win32
		{245F4707-B4FF-40D5-BA31-0A840BA15D24}.Release|Win32.Build.0 = Release|Win32
	EndGlobalSection
	GlobalSection(SolutionProperties) = preSolution
		HideSolutionNode = FALSE
	EndGlobalSection
	GlobalSection(ExtensibilityGlobals) = postSolution
		QtVersion = 4.8.4
	EndGlobalSection
EndGlobal
